# This file is automatically @generated by Cargo.
# It is not intended for manual editing.
version = 3

[[package]]
name = "iriam-profile"
version = "0.1.0"

[[package]]
name = "l02_operator"
version = "0.1.0"

[[package]]
name = "l03_variable"
version = "0.1.0"

[[package]]
name = "l04_basic_data_type"
version = "0.1.0"

[[package]]
name = "l05_control_formula"
version = "0.1.0"

[[package]]
name = "perfect-rust"
version = "0.1.0"
